
Microsoft Visual Studio Solution File, Format Version 12.00
# Visual Studio 2015
Project("{FAE04EC0-301F-11D3-BF4B-00C04F79EFBC}") = "PixelPratique", "PixelPratique.csproj", "{08FC412A-D08B-0370-812F-37DE9209EF7C}"
EndProject
Project("{FAE04EC0-301F-11D3-BF4B-00C04F79EFBC}") = "PixelPratique.Editor", "PixelPratique.Editor.csproj", "{BE07A4E5-FF8D-88D5-1A65-3A02BD8BD166}"
EndProject
Global
	GlobalSection(SolutionConfigurationPlatforms) = preSolution
		Debug|Any CPU = Debug|Any CPU
		Release|Any CPU = Release|Any CPU
	EndGlobalSection
	GlobalSection(ProjectConfigurationPlatforms) = postSolution
		{08FC412A-D08B-0370-812F-37DE9209EF7C}.Debug|Any CPU.ActiveCfg = Debug|Any CPU
		{08FC412A-D08B-0370-812F-37DE9209EF7C}.Debug|Any CPU.Build.0 = Debug|Any CPU
		{08FC412A-D08B-0370-812F-37DE9209EF7C}.Release|Any CPU.ActiveCfg = Release|Any CPU
		{08FC412A-D08B-0370-812F-37DE9209EF7C}.Release|Any CPU.Build.0 = Release|Any CPU
		{BE07A4E5-FF8D-88D5-1A65-3A02BD8BD166}.Debug|Any CPU.ActiveCfg = Debug|Any CPU
		{BE07A4E5-FF8D-88D5-1A65-3A02BD8BD166}.Debug|Any CPU.Build.0 = Debug|Any CPU
		{BE07A4E5-FF8D-88D5-1A65-3A02BD8BD166}.Release|Any CPU.ActiveCfg = Release|Any CPU
		{BE07A4E5-FF8D-88D5-1A65-3A02BD8BD166}.Release|Any CPU.Build.0 = Release|Any CPU
	EndGlobalSection
	GlobalSection(SolutionProperties) = preSolution
		HideSolutionNode = FALSE
	EndGlobalSection
EndGlobal
